{
	"name": "@rvsitebuilder/filemanager",
	"version": "1.0.0",
	"lockfileVersion": 1,
	"requires": true,
	"dependencies": {
		"axios": {
			"version": "0.19.2",
			"resolved": "https://registry.npmjs.org/axios/-/axios-0.19.2.tgz",
			"integrity": "sha512-fjgm5MvRHLhx+osE2xoekY70AhARk3a6hkN+3Io1jc00jtquGvxYlKlsFUhmUET0V5te6CcZI7lcv2Ym61mjHA==",
			"requires": {
				"follow-redirects": "1.5.10"
			}
		},
		"codemirror": {
			"version": "5.58.3",
			"resolved": "https://registry.npmjs.org/codemirror/-/codemirror-5.58.3.tgz",
			"integrity": "sha512-KBhB+juiyOOgn0AqtRmWyAT3yoElkuvWTI6hsHa9E6GQrl6bk/fdAYcvuqW1/upO9T9rtEtapWdw4XYcNiVDEA=="
		},
		"core-js": {
			"version": "3.8.0",
			"resolved": "https://registry.npmjs.org/core-js/-/core-js-3.8.0.tgz",
			"integrity": "sha512-W2VYNB0nwQQE7tKS7HzXd7r2y/y2SVJl4ga6oH/dnaLFzM0o2lB2P3zCkWj5Wc/zyMYjtgd5Hmhk0ObkQFZOIA=="
		},
		"cropperjs": {
			"version": "1.5.9",
			"resolved": "https://registry.npmjs.org/cropperjs/-/cropperjs-1.5.9.tgz",
			"integrity": "sha512-aPWlg43sLIcYN4GBXIdyvM09wNPgn1ug+vNVwV8jlb3dbgEX/B34Iw6hrjGSajkUDQBmaCi6uPOevFb7N0yUsw=="
		},
		"custom-event-polyfill": {
			"version": "1.0.7",
			"resolved": "https://registry.npmjs.org/custom-event-polyfill/-/custom-event-polyfill-1.0.7.tgz",
			"integrity": "sha512-TDDkd5DkaZxZFM8p+1I3yAlvM3rSr1wbrOliG4yJiwinMZN8z/iGL7BTlDkrJcYTmgUSb4ywVCc3ZaUtOtC76w=="
		},
		"debug": {
			"version": "3.1.0",
			"resolved": "https://registry.npmjs.org/debug/-/debug-3.1.0.tgz",
			"integrity": "sha512-OX8XqP7/1a9cqkxYw2yXss15f26NKWBpDXQd0/uK/KPqdQhxbPa994hnzjcE2VqQpDslf55723cKPUOGSmMY3g==",
			"requires": {
				"ms": "2.0.0"
			}
		},
		"diff-match-patch": {
			"version": "1.0.5",
			"resolved": "https://registry.npmjs.org/diff-match-patch/-/diff-match-patch-1.0.5.tgz",
			"integrity": "sha512-IayShXAgj/QMXgB0IWmKx+rOPuGMhqm5w6jvFxmVenXKIzRqTAAsbBPT3kWQeGANj3jGgvcvv4yK6SxqYmikgw=="
		},
		"follow-redirects": {
			"version": "1.5.10",
			"resolved": "https://registry.npmjs.org/follow-redirects/-/follow-redirects-1.5.10.tgz",
			"integrity": "sha512-0V5l4Cizzvqt5D44aTXbFZz+FtyXV1vrDN6qrelxtfYQKW0KO0W2T/hkE8xvGa/540LkZlkaUjO4ailYTFtHVQ==",
			"requires": {
				"debug": "=3.1.0"
			}
		},
		"laravel-file-manager": {
			"version": "2.5.2",
			"resolved": "https://registry.npmjs.org/laravel-file-manager/-/laravel-file-manager-2.5.2.tgz",
			"integrity": "sha512-zao1jF+MSmSf3hIMin0LRe0vmzbrh6wBAFMi68h4SfZLev9gRPqTH/4/+xmDqJ7fVJvOgiFc6Jk+YcYO/IEfaw==",
			"requires": {
				"axios": "^0.19.2",
				"codemirror": "^5.55.0",
				"core-js": "^3.6.5",
				"cropperjs": "^1.4.3",
				"plyr": "^3.4.8",
				"vue": "^2.6.11",
				"vue-codemirror": "^4.0.6",
				"vuex": "^3.4.0"
			}
		},
		"laravel-mix-merge-manifest": {
			"version": "0.1.2",
			"resolved": "https://registry.npmjs.org/laravel-mix-merge-manifest/-/laravel-mix-merge-manifest-0.1.2.tgz",
			"integrity": "sha512-U6FnfIkxMiOA/49JXSxv8OoW5SjHFTVkJCDq66gL0qt639nwy5aJBsttCyhuAa64xgd3oswGM5o3gpgBF00isQ==",
			"requires": {
				"lodash": "^4.17.4"
			}
		},
		"loadjs": {
			"version": "4.2.0",
			"resolved": "https://registry.npmjs.org/loadjs/-/loadjs-4.2.0.tgz",
			"integrity": "sha512-AgQGZisAlTPbTEzrHPb6q+NYBMD+DP9uvGSIjSUM5uG+0jG15cb8axWpxuOIqrmQjn6scaaH8JwloiP27b2KXA=="
		},
		"lodash": {
			"version": "4.17.21",
			"resolved": "https://registry.npmjs.org/lodash/-/lodash-4.17.21.tgz",
			"integrity": "sha512-v2kDEe57lecTulaDIuNTPy3Ry4gLGJ6Z1O3vE1krgXZNrsQ+LFTGHVxVjcXPs17LhbZVGedAJv8XZ1tvj5FvSg=="
		},
		"ms": {
			"version": "2.0.0",
			"resolved": "https://registry.npmjs.org/ms/-/ms-2.0.0.tgz",
			"integrity": "sha1-VgiurfwAvmwpAd9fmGF4jeDVl8g="
		},
		"plyr": {
			"version": "3.6.3",
			"resolved": "https://registry.npmjs.org/plyr/-/plyr-3.6.3.tgz",
			"integrity": "sha512-AEwp5G9BtOK0s2mZhwtfipkCqLm1yPN8iUGcmAtyByDK1fcYoOJiDXZeLf+e7OTjsWi4wRp8Q1VJ+gZjTmVeqA==",
			"requires": {
				"core-js": "^3.7.0",
				"custom-event-polyfill": "^1.0.7",
				"loadjs": "^4.2.0",
				"rangetouch": "^2.0.1",
				"url-polyfill": "^1.1.12"
			}
		},
		"rangetouch": {
			"version": "2.0.1",
			"resolved": "https://registry.npmjs.org/rangetouch/-/rangetouch-2.0.1.tgz",
			"integrity": "sha512-sln+pNSc8NGaHoLzwNBssFSf/rSYkqeBXzX1AtJlkJiUaVSJSbRAWJk+4omsXkN+EJalzkZhWQ3th1m0FpR5xA=="
		},
		"url-polyfill": {
			"version": "1.1.12",
			"resolved": "https://registry.npmjs.org/url-polyfill/-/url-polyfill-1.1.12.tgz",
			"integrity": "sha512-mYFmBHCapZjtcNHW0MDq9967t+z4Dmg5CJ0KqysK3+ZbyoNOWQHksGCTWwDhxGXllkWlOc10Xfko6v4a3ucM6A=="
		},
		"vue": {
			"version": "2.6.12",
			"resolved": "https://registry.npmjs.org/vue/-/vue-2.6.12.tgz",
			"integrity": "sha512-uhmLFETqPPNyuLLbsKz6ioJ4q7AZHzD8ZVFNATNyICSZouqP2Sz0rotWQC8UNBF6VGSCs5abnKJoStA6JbCbfg=="
		},
		"vue-codemirror": {
			"version": "4.0.6",
			"resolved": "https://registry.npmjs.org/vue-codemirror/-/vue-codemirror-4.0.6.tgz",
			"integrity": "sha512-ilU7Uf0mqBNSSV3KT7FNEeRIxH4s1fmpG4TfHlzvXn0QiQAbkXS9lLfwuZpaBVEnpP5CSE62iGJjoliTuA8poQ==",
			"requires": {
				"codemirror": "^5.41.0",
				"diff-match-patch": "^1.0.0"
			}
		},
		"vuex": {
			"version": "3.6.0",
			"resolved": "https://registry.npmjs.org/vuex/-/vuex-3.6.0.tgz",
			"integrity": "sha512-W74OO2vCJPs9/YjNjW8lLbj+jzT24waTo2KShI8jLvJW8OaIkgb3wuAMA7D+ZiUxDOx3ubwSZTaJBip9G8a3aQ=="
		}
	}
}
